{
  "nodes": {
    "nixpkgs": {
      "locked": {
        "lastModified": 1788881743,
        "narHash": "sha256-151taSq/21cxagiIu7hyMVl68+FbHfwBP4lh6TB6KOM=",
        "rev": "d6524aaca2ff07876657ae2b323f24be4874944b",
        "type": "tarball",
        "url": "https://releases.nixos.org/nixos/unstable/nixos-26.11pre1069856.d6524aaca2ff/nixexprs.tar.zst"
      },
      "original": {
        "type": "tarball",
        "url": "https://channels.nixos.org/nixos-unstable/nixexprs.tar.zst"
      }
    },
    "root": {
      "inputs": {
        "nixpkgs": "nixpkgs",
        "zmk-nix": "zmk-nix"
      }
    },
    "zmk-nix": {
      "inputs": {
        "nixpkgs": [
          "nixpkgs"
        ]
      },
      "locked": {
        "lastModified": 1788656650,
        "narHash": "sha256-d135HqZ0WXLEjq9N6LwO4dFkc7AgiyjQua3grax+vE4=",
        "owner": "lilyinstarlight",
        "repo": "zmk-nix",
        "rev": "41046da1963a5e0ade05b7de2682bbebaa782e90",
        "type": "github"
      },
      "original": {
        "owner": "lilyinstarlight",
        "repo": "zmk-nix",
        "type": "github"
      }
    }
  },
  "root": "root",
  "version": 7
}
